# THIS IS AN AUTOGENERATED FILE. DO NOT EDIT THIS FILE DIRECTLY.
# yarn lockfile v1


axios@^0.26.1:
  version "0.26.1"
  resolved "https://registry.yarnpkg.com/axios/-/axios-0.26.1.tgz#1ede41c51fcf51bbbd6fd43669caaa4f0495aaa9"
  integrity sha512-fPwcX4EvnSHuInCMItEhAGnaSEXRBjtzh9fOtsE6E1G6p7vl7edEeZe11QHf18+6+9gR5PbKV/sGKNaD8YaMeA==
  dependencies:
    follow-redirects "^1.14.8"

circular@^1.0.5:
  version "1.0.5"
  resolved "https://registry.yarnpkg.com/circular/-/circular-1.0.5.tgz#7da77af98bbde9ce4b5b358cd556b5dded2d3149"
  integrity sha512-n4Sspha+wxUl5zeA3JYp1zFCjsLz2VfXIe2gRKNQBrIX+7iPdGcCGZOF8W8IULtllZ/aejXtySfdFFt1wy/3JQ==

cli-logger@^0.5.40:
  version "0.5.40"
  resolved "https://registry.yarnpkg.com/cli-logger/-/cli-logger-0.5.40.tgz#097f0e11b072c7c698a26c47f588a29c20b48b0b"
  integrity sha512-piXVCa0TLm/+A7xdVEhw7t4OSrsmJaZIekWcoGrVMY1bHtLJTXgiNzgHlKT0EVHQ14sCKWorQJazU7UWgZhXOQ==
  dependencies:
    circular "^1.0.5"
    cli-util "~1.1.27"

cli-regexp@~0.1.0:
  version "0.1.2"
  resolved "https://registry.yarnpkg.com/cli-regexp/-/cli-regexp-0.1.2.tgz#6bcd93b09fb2ed1025d30a1155d5997954a53512"
  integrity sha512-L++cAQ5g0Nu6aV56B3uaR+c7jEGSAa4WApY1ZN7XiD8niJ5jRfXE/qvMwgz3uZBG0rft4hJS75Vpz2F3mSm4Mg==

cli-util@~1.1.27:
  version "1.1.27"
  resolved "https://registry.yarnpkg.com/cli-util/-/cli-util-1.1.27.tgz#42d69e36a040a321fc9cf851c1513cadc5093054"
  integrity sha512-Z6+zI0kIrqf9Oi+PmUm8J9AELp8bTf2vCLYseudYtdOPNJvzpNiExO95aHIm477IbPdu/8SE9Wvc/M1kJl4Anw==
  dependencies:
    cli-regexp "~0.1.0"

delay@^5.0.0:
  version "5.0.0"
  resolved "https://registry.yarnpkg.com/delay/-/delay-5.0.0.tgz#137045ef1b96e5071060dd5be60bf9334436bd1d"
  integrity sha512-ReEBKkIfe4ya47wlPYf/gu5ib6yUG0/Aez0JQZQz94kiWtRQvZIQbTiehsnwHvLSWJnQdhVeqYue7Id1dKr0qw==

dotenv@^16.0.1:
  version "16.0.1"
  resolved "https://registry.yarnpkg.com/dotenv/-/dotenv-16.0.1.tgz#8f8f9d94876c35dac989876a5d3a82a267fdce1d"
  integrity sha512-1K6hR6wtk2FviQ4kEiSjFiH5rpzEVi8WW0x96aztHVMhEspNpc4DVOUTEHtEva5VThQ8IaBX1Pe4gSzpVVUsKQ==

follow-redirects@^1.14.8:
  version "1.15.1"
  resolved "https://registry.yarnpkg.com/follow-redirects/-/follow-redirects-1.15.1.tgz#0ca6a452306c9b276e4d3127483e29575e207ad5"
  integrity sha512-yLAMQs+k0b2m7cVxpS1VKJVvoz7SS9Td1zss3XRwXj+ZDH00RJgnuLx7E44wx02kQLrdM3aOOy+FpzS7+8OizA==

querystring@^0.2.1:
  version "0.2.1"
  resolved "https://registry.yarnpkg.com/querystring/-/querystring-0.2.1.tgz#40d77615bb09d16902a85c3e38aa8b5ed761c2dd"
  integrity sha512-wkvS7mL/JMugcup3/rMitHmd9ecIGd2lhFhK9N3UUQ450h66d1r3Y9nvXzQAW1Lq+wyx61k/1pfKS5KuKiyEbg==

truffle-plugin-verify@^0.5.12:
  version "0.5.26"
  resolved "https://registry.yarnpkg.com/truffle-plugin-verify/-/truffle-plugin-verify-0.5.26.tgz#5bdec00b83c6cea9448dc5807ccedc88c35399c2"
  integrity sha512-TFpmh2vBNLLFo9GxV+vf91XPs5cox9C5yd+cTKeLF1j2e/C1izUsc+5upG7fLJhuDOvKMB8X8S8ELKmSKRh+/g==
  dependencies:
    axios "^0.26.1"
    cli-logger "^0.5.40"
    delay "^5.0.0"
    querystring "^0.2.1"
    tunnel "0.0.6"

tunnel@0.0.6:
  version "0.0.6"
  resolved "https://registry.yarnpkg.com/tunnel/-/tunnel-0.0.6.tgz#72f1314b34a5b192db012324df2cc587ca47f92c"
  integrity sha512-1h/Lnq9yajKY2PEbBadPXj3VxsDDu844OnaAo52UVmIzIvwwtBPIuNvkjuzBlTWpfJyUbG3ez0KSBibQkj4ojg==
